# This file is automatically @generated by Cargo.
# It is not intended for manual editing.
version = 4

[[package]]
name = "au-kpis-adapter"
version = "0.1.0"

[[package]]
name = "au-kpis-adapter-abs"
version = "0.1.0"

[[package]]
name = "au-kpis-adapter-aemo"
version = "0.1.0"

[[package]]
name = "au-kpis-adapter-apra"
version = "0.1.0"

[[package]]
name = "au-kpis-adapter-asx"
version = "0.1.0"

[[package]]
name = "au-kpis-adapter-rba"
version = "0.1.0"

[[package]]
name = "au-kpis-adapter-state-budgets"
version = "0.1.0"

[[package]]
name = "au-kpis-adapter-treasury"
version = "0.1.0"

[[package]]
name = "au-kpis-api"
version = "0.1.0"

[[package]]
name = "au-kpis-api-http"
version = "0.1.0"

[[package]]
name = "au-kpis-auth"
version = "0.1.0"

[[package]]
name = "au-kpis-cache"
version = "0.1.0"

[[package]]
name = "au-kpis-cli"
version = "0.1.0"

[[package]]
name = "au-kpis-config"
version = "0.1.0"

[[package]]
name = "au-kpis-db"
version = "0.1.0"

[[package]]
name = "au-kpis-domain"
version = "0.1.0"

[[package]]
name = "au-kpis-error"
version = "0.1.0"

[[package]]
name = "au-kpis-ingestion"
version = "0.1.0"

[[package]]
name = "au-kpis-ingestion-core"
version = "0.1.0"

[[package]]
name = "au-kpis-loader"
version = "0.1.0"

[[package]]
name = "au-kpis-openapi"
version = "0.1.0"

[[package]]
name = "au-kpis-pdf-client"
version = "0.1.0"

[[package]]
name = "au-kpis-queue"
version = "0.1.0"

[[package]]
name = "au-kpis-scheduler"
version = "0.1.0"

[[package]]
name = "au-kpis-schema"
version = "0.1.0"

[[package]]
name = "au-kpis-storage"
version = "0.1.0"

[[package]]
name = "au-kpis-telemetry"
version = "0.1.0"
